
Microsoft Visual Studio Solution File, Format Version 11.00
# Visual Studio 2010
Project("{F184B08F-C81C-45F6-A57F-5ABD9991F28F}") = "AlarmClockWP7", "AlarmClockWP7\AlarmClockWP7.vbproj", "{FDBCA7EC-DC0A-4EDE-BA48-6E54B11CB637}"
	ProjectSection(ProjectDependencies) = postProject
		{3ACAA637-4686-479D-AB80-18B6333C959D} = {3ACAA637-4686-479D-AB80-18B6333C959D}
	EndProjectSection
EndProject
Project("{F184B08F-C81C-45F6-A57F-5ABD9991F28F}") = "WcfService1", "WcfService1\WcfService1.vbproj", "{3ACAA637-4686-479D-AB80-18B6333C959D}"
EndProject
Project("{2150E333-8FDC-42A3-9474-1A3956D46DE8}") = "Solution Items", "Solution Items", "{1238F3AA-C7D0-40F0-A1A7-C5AB609354B4}"
	ProjectSection(SolutionItems) = preProject
		README.txt = README.txt
	EndProjectSection
EndProject
Global
	GlobalSection(SolutionConfigurationPlatforms) = preSolution
		Debug|Any CPU = Debug|Any CPU
		Release|Any CPU = Release|Any CPU
	EndGlobalSection
	GlobalSection(ProjectConfigurationPlatforms) = postSolution
		{FDBCA7EC-DC0A-4EDE-BA48-6E54B11CB637}.Debug|Any CPU.ActiveCfg = Debug|Any CPU
		{FDBCA7EC-DC0A-4EDE-BA48-6E54B11CB637}.Debug|Any CPU.Build.0 = Debug|Any CPU
		{FDBCA7EC-DC0A-4EDE-BA48-6E54B11CB637}.Debug|Any CPU.Deploy.0 = Debug|Any CPU
		{FDBCA7EC-DC0A-4EDE-BA48-6E54B11CB637}.Release|Any CPU.ActiveCfg = Release|Any CPU
		{FDBCA7EC-DC0A-4EDE-BA48-6E54B11CB637}.Release|Any CPU.Build.0 = Release|Any CPU
		{FDBCA7EC-DC0A-4EDE-BA48-6E54B11CB637}.Release|Any CPU.Deploy.0 = Release|Any CPU
		{3ACAA637-4686-479D-AB80-18B6333C959D}.Debug|Any CPU.ActiveCfg = Debug|Any CPU
		{3ACAA637-4686-479D-AB80-18B6333C959D}.Debug|Any CPU.Build.0 = Debug|Any CPU
		{3ACAA637-4686-479D-AB80-18B6333C959D}.Release|Any CPU.ActiveCfg = Release|Any CPU
		{3ACAA637-4686-479D-AB80-18B6333C959D}.Release|Any CPU.Build.0 = Release|Any CPU
	EndGlobalSection
	GlobalSection(SolutionProperties) = preSolution
		HideSolutionNode = FALSE
	EndGlobalSection
EndGlobal
